
Microsoft Visual Studio Solution File, Format Version 12.00
# Visual Studio Version 17
VisualStudioVersion = 17.14.36414.22 d17.14
MinimumVisualStudioVersion = 10.0.40219.1
Project("{8BC9CEB8-8B4A-11D0-8D11-00A0C91BC942}") = "Lab Work 10 - KMP", "Lab Work 10 - KMP.vcxproj", "{B9F1ED2F-DE15-4798-B5ED-DF6C9613A07C}"
EndProject
Project("{8BC9CEB8-8B4A-11D0-8D11-00A0C91BC942}") = "KMPTests", "KMPTests\KMPTests.vcxproj", "{F76705EF-E5ED-4A29-89E3-51F5ABD15B19}"
EndProject
Global
	GlobalSection(SolutionConfigurationPlatforms) = preSolution
		Debug|x64 = Debug|x64
		Debug|x86 = Debug|x86
		Release|x64 = Release|x64
		Release|x86 = Release|x86
	EndGlobalSection
	GlobalSection(ProjectConfigurationPlatforms) = postSolution
		{B9F1ED2F-DE15-4798-B5ED-DF6C9613A07C}.Debug|x64.ActiveCfg = Debug|x64
		{B9F1ED2F-DE15-4798-B5ED-DF6C9613A07C}.Debug|x64.Build.0 = Debug|x64
		{B9F1ED2F-DE15-4798-B5ED-DF6C9613A07C}.Debug|x86.ActiveCfg = Debug|Win32
		{B9F1ED2F-DE15-4798-B5ED-DF6C9613A07C}.Debug|x86.Build.0 = Debug|Win32
		{B9F1ED2F-DE15-4798-B5ED-DF6C9613A07C}.Release|x64.ActiveCfg = Release|x64
		{B9F1ED2F-DE15-4798-B5ED-DF6C9613A07C}.Release|x64.Build.0 = Release|x64
		{B9F1ED2F-DE15-4798-B5ED-DF6C9613A07C}.Release|x86.ActiveCfg = Release|Win32
		{B9F1ED2F-DE15-4798-B5ED-DF6C9613A07C}.Release|x86.Build.0 = Release|Win32
		{F76705EF-E5ED-4A29-89E3-51F5ABD15B19}.Debug|x64.ActiveCfg = Debug|x64
		{F76705EF-E5ED-4A29-89E3-51F5ABD15B19}.Debug|x64.Build.0 = Debug|x64
		{F76705EF-E5ED-4A29-89E3-51F5ABD15B19}.Debug|x86.ActiveCfg = Debug|Win32
		{F76705EF-E5ED-4A29-89E3-51F5ABD15B19}.Debug|x86.Build.0 = Debug|Win32
		{F76705EF-E5ED-4A29-89E3-51F5ABD15B19}.Release|x64.ActiveCfg = Release|x64
		{F76705EF-E5ED-4A29-89E3-51F5ABD15B19}.Release|x64.Build.0 = Release|x64
		{F76705EF-E5ED-4A29-89E3-51F5ABD15B19}.Release|x86.ActiveCfg = Release|Win32
		{F76705EF-E5ED-4A29-89E3-51F5ABD15B19}.Release|x86.Build.0 = Release|Win32
	EndGlobalSection
	GlobalSection(SolutionProperties) = preSolution
		HideSolutionNode = FALSE
	EndGlobalSection
	GlobalSection(ExtensibilityGlobals) = postSolution
		SolutionGuid = {C34F2D78-198C-477D-B714-72231EDAD4BA}
	EndGlobalSection
EndGlobal
